
Microsoft Visual Studio Solution File, Format Version 12.00
# Visual Studio Version 17
VisualStudioVersion = 17.8.34408.163
MinimumVisualStudioVersion = 10.0.40219.1
Project("{8BC9CEB8-8B4A-11D0-8D11-00A0C91BC942}") = "CPP_Study", "CPP_Study\CPP_Study.vcxproj", "{39067AAD-652B-4A05-BA37-C83E0C2C021A}"
EndProject
Global
	GlobalSection(SolutionConfigurationPlatforms) = preSolution
		Debug|x64 = Debug|x64
		Debug|x86 = Debug|x86
		Release|x64 = Release|x64
		Release|x86 = Release|x86
	EndGlobalSection
	GlobalSection(ProjectConfigurationPlatforms) = postSolution
		{39067AAD-652B-4A05-BA37-C83E0C2C021A}.Debug|x64.ActiveCfg = Debug|x64
		{39067AAD-652B-4A05-BA37-C83E0C2C021A}.Debug|x64.Build.0 = Debug|x64
		{39067AAD-652B-4A05-BA37-C83E0C2C021A}.Debug|x86.ActiveCfg = Debug|Win32
		{39067AAD-652B-4A05-BA37-C83E0C2C021A}.Debug|x86.Build.0 = Debug|Win32
		{39067AAD-652B-4A05-BA37-C83E0C2C021A}.Release|x64.ActiveCfg = Release|x64
		{39067AAD-652B-4A05-BA37-C83E0C2C021A}.Release|x64.Build.0 = Release|x64
		{39067AAD-652B-4A05-BA37-C83E0C2C021A}.Release|x86.ActiveCfg = Release|Win32
		{39067AAD-652B-4A05-BA37-C83E0C2C021A}.Release|x86.Build.0 = Release|Win32
	EndGlobalSection
	GlobalSection(SolutionProperties) = preSolution
		HideSolutionNode = FALSE
	EndGlobalSection
	GlobalSection(ExtensibilityGlobals) = postSolution
		SolutionGuid = {62C02523-6EB0-4BCD-94A4-218ABDCDDCD4}
	EndGlobalSection
EndGlobal
