
Microsoft Visual Studio Solution File, Format Version 12.00
# Visual Studio Version 17
VisualStudioVersion = 17.8.34408.163
MinimumVisualStudioVersion = 10.0.40219.1
Project("{8BC9CEB8-8B4A-11D0-8D11-00A0C91BC942}") = "OOP_Study_Start_InitialList", "OOP_Study_Start_InitialList.vcxproj", "{0BE79DFD-8DEB-41E9-8658-568C8E90E9FF}"
EndProject
Global
	GlobalSection(SolutionConfigurationPlatforms) = preSolution
		Debug|x64 = Debug|x64
		Debug|x86 = Debug|x86
		Release|x64 = Release|x64
		Release|x86 = Release|x86
	EndGlobalSection
	GlobalSection(ProjectConfigurationPlatforms) = postSolution
		{0BE79DFD-8DEB-41E9-8658-568C8E90E9FF}.Debug|x64.ActiveCfg = Debug|x64
		{0BE79DFD-8DEB-41E9-8658-568C8E90E9FF}.Debug|x64.Build.0 = Debug|x64
		{0BE79DFD-8DEB-41E9-8658-568C8E90E9FF}.Debug|x86.ActiveCfg = Debug|Win32
		{0BE79DFD-8DEB-41E9-8658-568C8E90E9FF}.Debug|x86.Build.0 = Debug|Win32
		{0BE79DFD-8DEB-41E9-8658-568C8E90E9FF}.Release|x64.ActiveCfg = Release|x64
		{0BE79DFD-8DEB-41E9-8658-568C8E90E9FF}.Release|x64.Build.0 = Release|x64
		{0BE79DFD-8DEB-41E9-8658-568C8E90E9FF}.Release|x86.ActiveCfg = Release|Win32
		{0BE79DFD-8DEB-41E9-8658-568C8E90E9FF}.Release|x86.Build.0 = Release|Win32
	EndGlobalSection
	GlobalSection(SolutionProperties) = preSolution
		HideSolutionNode = FALSE
	EndGlobalSection
	GlobalSection(ExtensibilityGlobals) = postSolution
		SolutionGuid = {B232540E-4B78-4F0D-9B08-A590BE18FE43}
	EndGlobalSection
EndGlobal
